{
  "pins" : [
    {
      "identity" : "fastcdc-swift",
      "kind" : "remoteSourceControl",
      "location" : "https://github.com/glasfisch3000/fastcdc-swift.git",
      "state" : {
        "revision" : "7f27f7b645e8deaebe9f1d62e19da64363295349",
        "version" : "3.0.3"
      }
    },
    {
      "identity" : "swift-crypto",
      "kind" : "remoteSourceControl",
      "location" : "https://github.com/apple/swift-crypto.git",
      "state" : {
        "revision" : "f0525da24dc3c6cbb2b6b338b65042bc91cbc4bb",
        "version" : "3.3.0"
      }
    },
    {
      "identity" : "zenea-swift",
      "kind" : "remoteSourceControl",
      "location" : "https://github.com/zenea-project/zenea-swift.git",
      "state" : {
        "revision" : "de5cf34b7a54a51a7ed7c360a3c1f0830344c2c8",
        "version" : "3.0.0"
      }
    }
  ],
  "version" : 2
}
